// !$*UTF8*$!
{
	archiveVersion = 1;
	classes = {
	};
	objectVersion = 46;
	objects = {

/* Begin PBXBuildFile section */
		D5F279B61D2659E40018C87E /* main.m in Sources */ = {isa = PBXBuildFile; fileRef = D5F279B51D2659E40018C87E /* main.m */; };
		D5F279B91D2659E40018C87E /* AppDelegate.m in Sources */ = {isa = PBXBuildFile; fileRef = D5F279B81D2659E40018C87E /* AppDelegate.m */; };
		D5F279BC1D2659E40018C87E /* ViewController.m in Sources */ = {isa = PBXBuildFile; fileRef = D5F279BB1D2659E40018C87E /* ViewController.m */; };
		D5F279BF1D2659E40018C87E /* Main.storyboard in Resources */ = {isa = PBXBuildFile; fileRef = D5F279BD1D2659E40018C87E /* Main.storyboard */; };
		D5F279C11D2659E40018C87E /* Assets.xcassets in Resources */ = {isa = PBXBuildFile; fileRef = D5F279C01D2659E40018C87E /* Assets.xcassets */; };
		D5F279C41D2659E40018C87E /* LaunchScreen.storyboard in Resources */ = {isa = PBXBuildFile; fileRef = D5F279C21D2659E40018C87E /* LaunchScreen.storyboard */; };
		D5F279CF1D2659E40018C87E /* _0160701002_Thread_NSThreadTests.m in Sources */ = {isa = PBXBuildFile; fileRef = D5F279CE1D2659E40018C87E /* _0160701002_Thread_NSThreadTests.m */; };
		D5F279DA1D2659E40018C87E /* _0160701002_Thread_NSThreadUITests.m in Sources */ = {isa = PBXBuildFile; fileRef = D5F279D91D2659E40018C87E /* _0160701002_Thread_NSThreadUITests.m */; };
/* End PBXBuildFile section */

/* Begin PBXContainerItemProxy section */
		D5F279CB1D2659E40018C87E /* PBXContainerItemProxy */ = {
			isa = PBXContainerItemProxy;
			containerPortal = D5F279A91D2659E40018C87E /* Project object */;
			proxyType = 1;
			remoteGlobalIDString = D5F279B01D2659E40018C87E;
			remoteInfo = "20160701002-Thread-NSThread";
		};
		D5F279D61D2659E40018C87E /* PBXContainerItemProxy */ = {
			isa = PBXContainerItemProxy;
			containerPortal = D5F279A91D2659E40018C87E /* Project object */;
			proxyType = 1;
			remoteGlobalIDString = D5F279B01D2659E40018C87E;
			remoteInfo = "20160701002-Thread-NSThread";
		};
/* End PBXContainerItemProxy section */

/* Begin PBXFileReference section */
		D5F279B11D2659E40018C87E /* 20160701002-Thread-NSThread.app */ = {isa = PBXFileReference; explicitFileType = wrapper.application; includeInIndex = 0; path = "20160701002-Thread-NSThread.app"; sourceTree = BUILT_PRODUCTS_DIR; };
		D5F279B51D2659E40018C87E /* main.m */ = {isa = PBXFileReference; lastKnownFileType = sourcecode.c.objc; path = main.m; sourceTree = "<group>"; };
		D5F279B71D2659E40018C87E /* AppDelegate.h */ = {isa = PBXFileReference; lastKnownFileType = sourcecode.c.h; path = AppDelegate.h; sourceTree = "<group>"; };
		D5F279B81D2659E40018C87E /* AppDelegate.m */ = {isa = PBXFileReference; lastKnownFileType = sourcecode.c.objc; path = AppDelegate.m; sourceTree = "<group>"; };
		D5F279BA1D2659E40018C87E /* ViewController.h */ = {isa = PBXFileReference; lastKnownFileType = sourcecode.c.h; path = ViewController.h; sourceTree = "<group>"; };
		D5F279BB1D2659E40018C87E /* ViewController.m */ = {isa = PBXFileReference; lastKnownFileType = sourcecode.c.objc; path = ViewController.m; sourceTree = "<group>"; };
		D5F279BE1D2659E40018C87E /* Base */ = {isa = PBXFileReference; lastKnownFileType = file.storyboard; name = Base; path = Base.lproj/Main.storyboard; sourceTree = "<group>"; };
		D5F279C01D2659E40018C87E /* Assets.xcassets */ = {isa = PBXFileReference; lastKnownFileType = folder.assetcatalog; path = Assets.xcassets; sourceTree = "<group>"; };
		D5F279C31D2659E40018C87E /* Base */ = {isa = PBXFileReference; lastKnownFileType = file.storyboard; name = Base; path = Base.lproj/LaunchScreen.storyboard; sourceTree = "<group>"; };
		D5F279C51D2659E40018C87E /* Info.plist */ = {isa = PBXFileReference; lastKnownFileType = text.plist.xml; path = Info.plist; sourceTree = "<group>"; };
		D5F279CA1D2659E40018C87E /* 20160701002-Thread-NSThreadTests.xctest */ = {isa = PBXFileReference; explicitFileType = wrapper.cfbundle; includeInIndex = 0; path = "20160701002-Thread-NSThreadTests.xctest"; sourceTree = BUILT_PRODUCTS_DIR; };
		D5F279CE1D2659E40018C87E /* _0160701002_Thread_NSThreadTests.m */ = {isa = PBXFileReference; lastKnownFileType = sourcecode.c.objc; path = _0160701002_Thread_NSThreadTests.m; sourceTree = "<group>"; };
		D5F279D01D2659E40018C87E /* Info.plist */ = {isa = PBXFileReference; lastKnownFileType = text.plist.xml; path = Info.plist; sourceTree = "<group>"; };
		D5F279D51D2659E40018C87E /* 20160701002-Thread-NSThreadUITests.xctest */ = {isa = PBXFileReference; explicitFileType = wrapper.cfbundle; includeInIndex = 0; path = "20160701002-Thread-NSThreadUITests.xctest"; sourceTree = BUILT_PRODUCTS_DIR; };
		D5F279D91D2659E40018C87E /* _0160701002_Thread_NSThreadUITests.m */ = {isa = PBXFileReference; lastKnownFileType = sourcecode.c.objc; path = _0160701002_Thread_NSThreadUITests.m; sourceTree = "<group>"; };
		D5F279DB1D2659E40018C87E /* Info.plist */ = {isa = PBXFileReference; lastKnownFileType = text.plist.xml; path = Info.plist; sourceTree = "<group>"; };
/* End PBXFileReference section */

/* Begin PBXFrameworksBuildPhase section */
		D5F279AE1D2659E40018C87E /* Frameworks */ = {
			isa = PBXFrameworksBuildPhase;
			buildActionMask = 2147483647;
			files = (
			);
			runOnlyForDeploymentPostprocessing = 0;
		};
		D5F279C71D2659E40018C87E /* Frameworks */ = {
			isa = PBXFrameworksBuildPhase;
			buildActionMask = 2147483647;
			files = (
			);
			runOnlyForDeploymentPostprocessing = 0;
		};
		D5F279D21D2659E40018C87E /* Frameworks */ = {
			isa = PBXFrameworksBuildPhase;
			buildActionMask = 2147483647;
			files = (
			);
			runOnlyForDeploymentPostprocessing = 0;
		};
/* End PBXFrameworksBuildPhase section */

/* Begin PBXGroup section */
		D5F279A81D2659E40018C87E = {
			isa = PBXGroup;
			children = (
				D5F279B31D2659E40018C87E /* 20160701002-Thread-NSThread */,
				D5F279CD1D2659E40018C87E /* 20160701002-Thread-NSThreadTests */,
				D5F279D81D2659E40018C87E /* 20160701002-Thread-NSThreadUITests */,
				D5F279B21D2659E40018C87E /* Products */,
			);
			sourceTree = "<group>";
		};
		D5F279B21D2659E40018C87E /* Products */ = {
			isa = PBXGroup;
			children = (
				D5F279B11D2659E40018C87E /* 20160701002-Thread-NSThread.app */,
				D5F279CA1D2659E40018C87E /* 20160701002-Thread-NSThreadTests.xctest */,
				D5F279D51D2659E40018C87E /* 20160701002-Thread-NSThreadUITests.xctest */,
			);
			name = Products;
			sourceTree = "<group>";
		};
		D5F279B31D2659E40018C87E /* 20160701002-Thread-NSThread */ = {
			isa = PBXGroup;
			children = (
				D5F279B71D2659E40018C87E /* AppDelegate.h */,
				D5F279B81D2659E40018C87E /* AppDelegate.m */,
				D5F279BA1D2659E40018C87E /* ViewController.h */,
				D5F279BB1D2659E40018C87E /* ViewController.m */,
				D5F279BD1D2659E40018C87E /* Main.storyboard */,
				D5F279C01D2659E40018C87E /* Assets.xcassets */,
				D5F279C21D2659E40018C87E /* LaunchScreen.storyboard */,
				D5F279C51D2659E40018C87E /* Info.plist */,
				D5F279B41D2659E40018C87E /* Supporting Files */,
			);
			path = "20160701002-Thread-NSThread";
			sourceTree = "<group>";
		};
		D5F279B41D2659E40018C87E /* Supporting Files */ = {
			isa = PBXGroup;
			children = (
				D5F279B51D2659E40018C87E /* main.m */,
			);
			name = "Supporting Files";
			sourceTree = "<group>";
		};
		D5F279CD1D2659E40018C87E /* 20160701002-Thread-NSThreadTests */ = {
			isa = PBXGroup;
			children = (
				D5F279CE1D2659E40018C87E /* _0160701002_Thread_NSThreadTests.m */,
				D5F279D01D2659E40018C87E /* Info.plist */,
			);
			path = "20160701002-Thread-NSThreadTests";
			sourceTree = "<group>";
		};
		D5F279D81D2659E40018C87E /* 20160701002-Thread-NSThreadUITests */ = {
			isa = PBXGroup;
			children = (
				D5F279D91D2659E40018C87E /* _0160701002_Thread_NSThreadUITests.m */,
				D5F279DB1D2659E40018C87E /* Info.plist */,
			);
			path = "20160701002-Thread-NSThreadUITests";
			sourceTree = "<group>";
		};
/* End PBXGroup section */

/* Begin PBXNativeTarget section */
		D5F279B01D2659E40018C87E /* 20160701002-Thread-NSThread */ = {
			isa = PBXNativeTarget;
			buildConfigurationList = D5F279DE1D2659E40018C87E /* Build configuration list for PBXNativeTarget "20160701002-Thread-NSThread" */;
			buildPhases = (
				D5F279AD1D2659E40018C87E /* Sources */,
				D5F279AE1D2659E40018C87E /* Frameworks */,
				D5F279AF1D2659E40018C87E /* Resources */,
			);
			buildRules = (
			);
			dependencies = (
			);
			name = "20160701002-Thread-NSThread";
			productName = "20160701002-Thread-NSThread";
			productReference = D5F279B11D2659E40018C87E /* 20160701002-Thread-NSThread.app */;
			productType = "com.apple.product-type.application";
		};
		D5F279C91D2659E40018C87E /* 20160701002-Thread-NSThreadTests */ = {
			isa = PBXNativeTarget;
			buildConfigurationList = D5F279E11D2659E40018C87E /* Build configuration list for PBXNativeTarget "20160701002-Thread-NSThreadTests" */;
			buildPhases = (
				D5F279C61D2659E40018C87E /* Sources */,
				D5F279C71D2659E40018C87E /* Frameworks */,
				D5F279C81D2659E40018C87E /* Resources */,
			);
			buildRules = (
			);
			dependencies = (
				D5F279CC1D2659E40018C87E /* PBXTargetDependency */,
			);
			name = "20160701002-Thread-NSThreadTests";
			productName = "20160701002-Thread-NSThreadTests";
			productReference = D5F279CA1D2659E40018C87E /* 20160701002-Thread-NSThreadTests.xctest */;
			productType = "com.apple.product-type.bundle.unit-test";
		};
		D5F279D41D2659E40018C87E /* 20160701002-Thread-NSThreadUITests */ = {
			isa = PBXNativeTarget;
			buildConfigurationList = D5F279E41D2659E40018C87E /* Build configuration list for PBXNativeTarget "20160701002-Thread-NSThreadUITests" */;
			buildPhases = (
				D5F279D11D2659E40018C87E /* Sources */,
				D5F279D21D2659E40018C87E /* Frameworks */,
				D5F279D31D2659E40018C87E /* Resources */,
			);
			buildRules = (
			);
			dependencies = (
				D5F279D71D2659E40018C87E /* PBXTargetDependency */,
			);
			name = "20160701002-Thread-NSThreadUITests";
			productName = "20160701002-Thread-NSThreadUITests";
			productReference = D5F279D51D2659E40018C87E /* 20160701002-Thread-NSThreadUITests.xctest */;
			productType = "com.apple.product-type.bundle.ui-testing";
		};
/* End PBXNativeTarget section */

/* Begin PBXProject section */
		D5F279A91D2659E40018C87E /* Project object */ = {
			isa = PBXProject;
			attributes = {
				LastUpgradeCheck = 0730;
				ORGANIZATIONNAME = Rainer;
				TargetAttributes = {
					D5F279B01D2659E40018C87E = {
						CreatedOnToolsVersion = 7.3;
					};
					D5F279C91D2659E40018C87E = {
						CreatedOnToolsVersion = 7.3;
						TestTargetID = D5F279B01D2659E40018C87E;
					};
					D5F279D41D2659E40018C87E = {
						CreatedOnToolsVersion = 7.3;
						TestTargetID = D5F279B01D2659E40018C87E;
					};
				};
			};
			buildConfigurationList = D5F279AC1D2659E40018C87E /* Build configuration list for PBXProject "20160701002-Thread-NSThread" */;
			compatibilityVersion = "Xcode 3.2";
			developmentRegion = English;
			hasScannedForEncodings = 0;
			knownRegions = (
				en,
				Base,
			);
			mainGroup = D5F279A81D2659E40018C87E;
			productRefGroup = D5F279B21D2659E40018C87E /* Products */;
			projectDirPath = "";
			projectRoot = "";
			targets = (
				D5F279B01D2659E40018C87E /* 20160701002-Thread-NSThread */,
				D5F279C91D2659E40018C87E /* 20160701002-Thread-NSThreadTests */,
				D5F279D41D2659E40018C87E /* 20160701002-Thread-NSThreadUITests */,
			);
		};
/* End PBXProject section */

/* Begin PBXResourcesBuildPhase section */
		D5F279AF1D2659E40018C87E /* Resources */ = {
			isa = PBXResourcesBuildPhase;
			buildActionMask = 2147483647;
			files = (
				D5F279C41D2659E40018C87E /* LaunchScreen.storyboard in Resources */,
				D5F279C11D2659E40018C87E /* Assets.xcassets in Resources */,
				D5F279BF1D2659E40018C87E /* Main.storyboard in Resources */,
			);
			runOnlyForDeploymentPostprocessing = 0;
		};
		D5F279C81D2659E40018C87E /* Resources */ = {
			isa = PBXResourcesBuildPhase;
			buildActionMask = 2147483647;
			files = (
			);
			runOnlyForDeploymentPostprocessing = 0;
		};
		D5F279D31D2659E40018C87E /* Resources */ = {
			isa = PBXResourcesBuildPhase;
			buildActionMask = 2147483647;
			files = (
			);
			runOnlyForDeploymentPostprocessing = 0;
		};
/* End PBXResourcesBuildPhase section */

/* Begin PBXSourcesBuildPhase section */
		D5F279AD1D2659E40018C87E /* Sources */ = {
			isa = PBXSourcesBuildPhase;
			buildActionMask = 2147483647;
			files = (
				D5F279BC1D2659E40018C87E /* ViewController.m in Sources */,
				D5F279B91D2659E40018C87E /* AppDelegate.m in Sources */,
				D5F279B61D2659E40018C87E /* main.m in Sources */,
			);
			runOnlyForDeploymentPostprocessing = 0;
		};
		D5F279C61D2659E40018C87E /* Sources */ = {
			isa = PBXSourcesBuildPhase;
			buildActionMask = 2147483647;
			files = (
				D5F279CF1D2659E40018C87E /* _0160701002_Thread_NSThreadTests.m in Sources */,
			);
			runOnlyForDeploymentPostprocessing = 0;
		};
		D5F279D11D2659E40018C87E /* Sources */ = {
			isa = PBXSourcesBuildPhase;
			buildActionMask = 2147483647;
			files = (
				D5F279DA1D2659E40018C87E /* _0160701002_Thread_NSThreadUITests.m in Sources */,
			);
			runOnlyForDeploymentPostprocessing = 0;
		};
/* End PBXSourcesBuildPhase section */

/* Begin PBXTargetDependency section */
		D5F279CC1D2659E40018C87E /* PBXTargetDependency */ = {
			isa = PBXTargetDependency;
			target = D5F279B01D2659E40018C87E /* 20160701002-Thread-NSThread */;
			targetProxy = D5F279CB1D2659E40018C87E /* PBXContainerItemProxy */;
		};
		D5F279D71D2659E40018C87E /* PBXTargetDependency */ = {
			isa = PBXTargetDependency;
			target = D5F279B01D2659E40018C87E /* 20160701002-Thread-NSThread */;
			targetProxy = D5F279D61D2659E40018C87E /* PBXContainerItemProxy */;
		};
/* End PBXTargetDependency section */

/* Begin PBXVariantGroup section */
		D5F279BD1D2659E40018C87E /* Main.storyboard */ = {
			isa = PBXVariantGroup;
			children = (
				D5F279BE1D2659E40018C87E /* Base */,
			);
			name = Main.storyboard;
			sourceTree = "<group>";
		};
		D5F279C21D2659E40018C87E /* LaunchScreen.storyboard */ = {
			isa = PBXVariantGroup;
			children = (
				D5F279C31D2659E40018C87E /* Base */,
			);
			name = LaunchScreen.storyboard;
			sourceTree = "<group>";
		};
/* End PBXVariantGroup section */

/* Begin XCBuildConfiguration section */
		D5F279DC1D2659E40018C87E /* Debug */ = {
			isa = XCBuildConfiguration;
			buildSettings = {
				ALWAYS_SEARCH_USER_PATHS = NO;
				CLANG_ANALYZER_NONNULL = YES;
				CLANG_CXX_LANGUAGE_STANDARD = "gnu++0x";
				CLANG_CXX_LIBRARY = "libc++";
				CLANG_ENABLE_MODULES = YES;
				CLANG_ENABLE_OBJC_ARC = YES;
				CLANG_WARN_BOOL_CONVERSION = YES;
				CLANG_WARN_CONSTANT_CONVERSION = YES;
				CLANG_WARN_DIRECT_OBJC_ISA_USAGE = YES_ERROR;
				CLANG_WARN_EMPTY_BODY = YES;
				CLANG_WARN_ENUM_CONVERSION = YES;
				CLANG_WARN_INT_CONVERSION = YES;
				CLANG_WARN_OBJC_ROOT_CLASS = YES_ERROR;
				CLANG_WARN_UNREACHABLE_CODE = YES;
				CLANG_WARN__DUPLICATE_METHOD_MATCH = YES;
				"CODE_SIGN_IDENTITY[sdk=iphoneos*]" = "iPhone Developer";
				COPY_PHASE_STRIP = NO;
				DEBUG_INFORMATION_FORMAT = dwarf;
				ENABLE_STRICT_OBJC_MSGSEND = YES;
				ENABLE_TESTABILITY = YES;
				GCC_C_LANGUAGE_STANDARD = gnu99;
				GCC_DYNAMIC_NO_PIC = NO;
				GCC_NO_COMMON_BLOCKS = YES;
				GCC_OPTIMIZATION_LEVEL = 0;
				GCC_PREPROCESSOR_DEFINITIONS = (
					"DEBUG=1",
					"$(inherited)",
				);
				GCC_WARN_64_TO_32_BIT_CONVERSION = YES;
				GCC_WARN_ABOUT_RETURN_TYPE = YES_ERROR;
				GCC_WARN_UNDECLARED_SELECTOR = YES;
				GCC_WARN_UNINITIALIZED_AUTOS = YES_AGGRESSIVE;
				GCC_WARN_UNUSED_FUNCTION = YES;
				GCC_WARN_UNUSED_VARIABLE = YES;
				IPHONEOS_DEPLOYMENT_TARGET = 9.3;
				MTL_ENABLE_DEBUG_INFO = YES;
				ONLY_ACTIVE_ARCH = YES;
				SDKROOT = iphoneos;
			};
			name = Debug;
		};
		D5F279DD1D2659E40018C87E /* Release */ = {
			isa = XCBuildConfiguration;
			buildSettings = {
				ALWAYS_SEARCH_USER_PATHS = NO;
				CLANG_ANALYZER_NONNULL = YES;
				CLANG_CXX_LANGUAGE_STANDARD = "gnu++0x";
				CLANG_CXX_LIBRARY = "libc++";
				CLANG_ENABLE_MODULES = YES;
				CLANG_ENABLE_OBJC_ARC = YES;
				CLANG_WARN_BOOL_CONVERSION = YES;
				CLANG_WARN_CONSTANT_CONVERSION = YES;
				CLANG_WARN_DIRECT_OBJC_ISA_USAGE = YES_ERROR;
				CLANG_WARN_EMPTY_BODY = YES;
				CLANG_WARN_ENUM_CONVERSION = YES;
				CLANG_WARN_INT_CONVERSION = YES;
				CLANG_WARN_OBJC_ROOT_CLASS = YES_ERROR;
				CLANG_WARN_UNREACHABLE_CODE = YES;
				CLANG_WARN__DUPLICATE_METHOD_MATCH = YES;
				"CODE_SIGN_IDENTITY[sdk=iphoneos*]" = "iPhone Developer";
				COPY_PHASE_STRIP = NO;
				DEBUG_INFORMATION_FORMAT = "dwarf-with-dsym";
				ENABLE_NS_ASSERTIONS = NO;
				ENABLE_STRICT_OBJC_MSGSEND = YES;
				GCC_C_LANGUAGE_STANDARD = gnu99;
				GCC_NO_COMMON_BLOCKS = YES;
				GCC_WARN_64_TO_32_BIT_CONVERSION = YES;
				GCC_WARN_ABOUT_RETURN_TYPE = YES_ERROR;
				GCC_WARN_UNDECLARED_SELECTOR = YES;
				GCC_WARN_UNINITIALIZED_AUTOS = YES_AGGRESSIVE;
				GCC_WARN_UNUSED_FUNCTION = YES;
				GCC_WARN_UNUSED_VARIABLE = YES;
				IPHONEOS_DEPLOYMENT_TARGET = 9.3;
				MTL_ENABLE_DEBUG_INFO = NO;
				SDKROOT = iphoneos;
				VALIDATE_PRODUCT = YES;
			};
			name = Release;
		};
		D5F279DF1D2659E40018C87E /* Debug */ = {
			isa = XCBuildConfiguration;
			buildSettings = {
				ASSETCATALOG_COMPILER_APPICON_NAME = AppIcon;
				INFOPLIST_FILE = "20160701002-Thread-NSThread/Info.plist";
				LD_RUNPATH_SEARCH_PATHS = "$(inherited) @executable_path/Frameworks";
				PRODUCT_BUNDLE_IDENTIFIER = "com.rainer.-0160701002-Thread-NSThread";
				PRODUCT_NAME = "$(TARGET_NAME)";
			};
			name = Debug;
		};
		D5F279E01D2659E40018C87E /* Release */ = {
			isa = XCBuildConfiguration;
			buildSettings = {
				ASSETCATALOG_COMPILER_APPICON_NAME = AppIcon;
				INFOPLIST_FILE = "20160701002-Thread-NSThread/Info.plist";
				LD_RUNPATH_SEARCH_PATHS = "$(inherited) @executable_path/Frameworks";
				PRODUCT_BUNDLE_IDENTIFIER = "com.rainer.-0160701002-Thread-NSThread";
				PRODUCT_NAME = "$(TARGET_NAME)";
			};
			name = Release;
		};
		D5F279E21D2659E40018C87E /* Debug */ = {
			isa = XCBuildConfiguration;
			buildSettings = {
				BUNDLE_LOADER = "$(TEST_HOST)";
				INFOPLIST_FILE = "20160701002-Thread-NSThreadTests/Info.plist";
				LD_RUNPATH_SEARCH_PATHS = "$(inherited) @executable_path/Frameworks @loader_path/Frameworks";
				PRODUCT_BUNDLE_IDENTIFIER = "com.rainer.-0160701002-Thread-NSThreadTests";
				PRODUCT_NAME = "$(TARGET_NAME)";
				TEST_HOST = "$(BUILT_PRODUCTS_DIR)/20160701002-Thread-NSThread.app/20160701002-Thread-NSThread";
			};
			name = Debug;
		};
		D5F279E31D2659E40018C87E /* Release */ = {
			isa = XCBuildConfiguration;
			buildSettings = {
				BUNDLE_LOADER = "$(TEST_HOST)";
				INFOPLIST_FILE = "20160701002-Thread-NSThreadTests/Info.plist";
				LD_RUNPATH_SEARCH_PATHS = "$(inherited) @executable_path/Frameworks @loader_path/Frameworks";
				PRODUCT_BUNDLE_IDENTIFIER = "com.rainer.-0160701002-Thread-NSThreadTests";
				PRODUCT_NAME = "$(TARGET_NAME)";
				TEST_HOST = "$(BUILT_PRODUCTS_DIR)/20160701002-Thread-NSThread.app/20160701002-Thread-NSThread";
			};
			name = Release;
		};
		D5F279E51D2659E40018C87E /* Debug */ = {
			isa = XCBuildConfiguration;
			buildSettings = {
				INFOPLIST_FILE = "20160701002-Thread-NSThreadUITests/Info.plist";
				LD_RUNPATH_SEARCH_PATHS = "$(inherited) @executable_path/Frameworks @loader_path/Frameworks";
				PRODUCT_BUNDLE_IDENTIFIER = "com.rainer.-0160701002-Thread-NSThreadUITests";
				PRODUCT_NAME = "$(TARGET_NAME)";
				TEST_TARGET_NAME = "20160701002-Thread-NSThread";
			};
			name = Debug;
		};
		D5F279E61D2659E40018C87E /* Release */ = {
			isa = XCBuildConfiguration;
			buildSettings = {
				INFOPLIST_FILE = "20160701002-Thread-NSThreadUITests/Info.plist";
				LD_RUNPATH_SEARCH_PATHS = "$(inherited) @executable_path/Frameworks @loader_path/Frameworks";
				PRODUCT_BUNDLE_IDENTIFIER = "com.rainer.-0160701002-Thread-NSThreadUITests";
				PRODUCT_NAME = "$(TARGET_NAME)";
				TEST_TARGET_NAME = "20160701002-Thread-NSThread";
			};
			name = Release;
		};
/* End XCBuildConfiguration section */

/* Begin XCConfigurationList section */
		D5F279AC1D2659E40018C87E /* Build configuration list for PBXProject "20160701002-Thread-NSThread" */ = {
			isa = XCConfigurationList;
			buildConfigurations = (
				D5F279DC1D2659E40018C87E /* Debug */,
				D5F279DD1D2659E40018C87E /* Release */,
			);
			defaultConfigurationIsVisible = 0;
			defaultConfigurationName = Release;
		};
		D5F279DE1D2659E40018C87E /* Build configuration list for PBXNativeTarget "20160701002-Thread-NSThread" */ = {
			isa = XCConfigurationList;
			buildConfigurations = (
				D5F279DF1D2659E40018C87E /* Debug */,
				D5F279E01D2659E40018C87E /* Release */,
			);
			defaultConfigurationIsVisible = 0;
		};
		D5F279E11D2659E40018C87E /* Build configuration list for PBXNativeTarget "20160701002-Thread-NSThreadTests" */ = {
			isa = XCConfigurationList;
			buildConfigurations = (
				D5F279E21D2659E40018C87E /* Debug */,
				D5F279E31D2659E40018C87E /* Release */,
			);
			defaultConfigurationIsVisible = 0;
		};
		D5F279E41D2659E40018C87E /* Build configuration list for PBXNativeTarget "20160701002-Thread-NSThreadUITests" */ = {
			isa = XCConfigurationList;
			buildConfigurations = (
				D5F279E51D2659E40018C87E /* Debug */,
				D5F279E61D2659E40018C87E /* Release */,
			);
			defaultConfigurationIsVisible = 0;
		};
/* End XCConfigurationList section */
	};
	rootObject = D5F279A91D2659E40018C87E /* Project object */;
}
